// !$*UTF8*$!
{
	archiveVersion = 1;
	classes = {
	};
	objectVersion = 50;
	objects = {

/* Begin PBXBuildFile section */
		4A506FA92394F4FB0010EE7B /* Animation3.swift in Sources */ = {isa = PBXBuildFile; fileRef = 4A506FA82394F4FB0010EE7B /* Animation3.swift */; };
		4A506FAC2395273C0010EE7B /* Animation4.swift in Sources */ = {isa = PBXBuildFile; fileRef = 4A506FAB2395273C0010EE7B /* Animation4.swift */; };
		4A5454FB23AB5FED00819BE6 /* Animation5.swift in Sources */ = {isa = PBXBuildFile; fileRef = 4A5454FA23AB5FED00819BE6 /* Animation5.swift */; };
		4A5454FE23AB64F100819BE6 /* Animation6.swift in Sources */ = {isa = PBXBuildFile; fileRef = 4A5454FD23AB64F100819BE6 /* Animation6.swift */; };
		4A54550123AB94F300819BE6 /* Animation7.swift in Sources */ = {isa = PBXBuildFile; fileRef = 4A54550023AB94F300819BE6 /* Animation7.swift */; };
		4A721E562397904E00985F4C /* ClockView.swift in Sources */ = {isa = PBXBuildFile; fileRef = 4A721E552397904E00985F4C /* ClockView.swift */; };
		4A751D5623B09FA20059E70A /* Animation9.swift in Sources */ = {isa = PBXBuildFile; fileRef = 4A751D5523B09FA20059E70A /* Animation9.swift */; };
		4A9A11A0239121710057BB70 /* AppDelegate.swift in Sources */ = {isa = PBXBuildFile; fileRef = 4A9A119F239121710057BB70 /* AppDelegate.swift */; };
		4A9A11A2239121710057BB70 /* ViewController.swift in Sources */ = {isa = PBXBuildFile; fileRef = 4A9A11A1239121710057BB70 /* ViewController.swift */; };
		4A9A11A5239121710057BB70 /* Main.storyboard in Resources */ = {isa = PBXBuildFile; fileRef = 4A9A11A3239121710057BB70 /* Main.storyboard */; };
		4A9A11A7239121740057BB70 /* Assets.xcassets in Resources */ = {isa = PBXBuildFile; fileRef = 4A9A11A6239121740057BB70 /* Assets.xcassets */; };
		4A9A11AA239121740057BB70 /* LaunchScreen.storyboard in Resources */ = {isa = PBXBuildFile; fileRef = 4A9A11A8239121740057BB70 /* LaunchScreen.storyboard */; };
		4A9A11B5239122EC0057BB70 /* Animation2.swift in Sources */ = {isa = PBXBuildFile; fileRef = 4A9A11B4239122EC0057BB70 /* Animation2.swift */; };
		4A9A11B8239123C30057BB70 /* Animation1.swift in Sources */ = {isa = PBXBuildFile; fileRef = 4A9A11B7239123C30057BB70 /* Animation1.swift */; };
		4A9A11BC239124480057BB70 /* ClockWithNumbers.swift in Sources */ = {isa = PBXBuildFile; fileRef = 4A9A11BB239124480057BB70 /* ClockWithNumbers.swift */; };
		4AF3349823ACA19B006F2F3C /* Animation8.swift in Sources */ = {isa = PBXBuildFile; fileRef = 4AF3349723ACA19B006F2F3C /* Animation8.swift */; };
/* End PBXBuildFile section */

/* Begin PBXFileReference section */
		4A506FA82394F4FB0010EE7B /* Animation3.swift */ = {isa = PBXFileReference; lastKnownFileType = sourcecode.swift; path = Animation3.swift; sourceTree = "<group>"; };
		4A506FAB2395273C0010EE7B /* Animation4.swift */ = {isa = PBXFileReference; lastKnownFileType = sourcecode.swift; path = Animation4.swift; sourceTree = "<group>"; };
		4A5454FA23AB5FED00819BE6 /* Animation5.swift */ = {isa = PBXFileReference; lastKnownFileType = sourcecode.swift; path = Animation5.swift; sourceTree = "<group>"; };
		4A5454FD23AB64F100819BE6 /* Animation6.swift */ = {isa = PBXFileReference; lastKnownFileType = sourcecode.swift; path = Animation6.swift; sourceTree = "<group>"; };
		4A54550023AB94F300819BE6 /* Animation7.swift */ = {isa = PBXFileReference; lastKnownFileType = sourcecode.swift; path = Animation7.swift; sourceTree = "<group>"; };
		4A721E552397904E00985F4C /* ClockView.swift */ = {isa = PBXFileReference; lastKnownFileType = sourcecode.swift; path = ClockView.swift; sourceTree = "<group>"; };
		4A751D5523B09FA20059E70A /* Animation9.swift */ = {isa = PBXFileReference; lastKnownFileType = sourcecode.swift; path = Animation9.swift; sourceTree = "<group>"; };
		4A9A119C239121700057BB70 /* OKR-CoreAnimation.app */ = {isa = PBXFileReference; explicitFileType = wrapper.application; includeInIndex = 0; path = "OKR-CoreAnimation.app"; sourceTree = BUILT_PRODUCTS_DIR; };
		4A9A119F239121710057BB70 /* AppDelegate.swift */ = {isa = PBXFileReference; lastKnownFileType = sourcecode.swift; path = AppDelegate.swift; sourceTree = "<group>"; };
		4A9A11A1239121710057BB70 /* ViewController.swift */ = {isa = PBXFileReference; lastKnownFileType = sourcecode.swift; path = ViewController.swift; sourceTree = "<group>"; };
		4A9A11A4239121710057BB70 /* Base */ = {isa = PBXFileReference; lastKnownFileType = file.storyboard; name = Base; path = Base.lproj/Main.storyboard; sourceTree = "<group>"; };
		4A9A11A6239121740057BB70 /* Assets.xcassets */ = {isa = PBXFileReference; lastKnownFileType = folder.assetcatalog; path = Assets.xcassets; sourceTree = "<group>"; };
		4A9A11A9239121740057BB70 /* Base */ = {isa = PBXFileReference; lastKnownFileType = file.storyboard; name = Base; path = Base.lproj/LaunchScreen.storyboard; sourceTree = "<group>"; };
		4A9A11AB239121740057BB70 /* Info.plist */ = {isa = PBXFileReference; lastKnownFileType = text.plist.xml; path = Info.plist; sourceTree = "<group>"; };
		4A9A11B4239122EC0057BB70 /* Animation2.swift */ = {isa = PBXFileReference; lastKnownFileType = sourcecode.swift; path = Animation2.swift; sourceTree = "<group>"; };
		4A9A11B7239123C30057BB70 /* Animation1.swift */ = {isa = PBXFileReference; lastKnownFileType = sourcecode.swift; path = Animation1.swift; sourceTree = "<group>"; };
		4A9A11BB239124480057BB70 /* ClockWithNumbers.swift */ = {isa = PBXFileReference; lastKnownFileType = sourcecode.swift; path = ClockWithNumbers.swift; sourceTree = "<group>"; };
		4AF3349723ACA19B006F2F3C /* Animation8.swift */ = {isa = PBXFileReference; lastKnownFileType = sourcecode.swift; path = Animation8.swift; sourceTree = "<group>"; };
/* End PBXFileReference section */

/* Begin PBXFrameworksBuildPhase section */
		4A9A1199239121700057BB70 /* Frameworks */ = {
			isa = PBXFrameworksBuildPhase;
			buildActionMask = 2147483647;
			files = (
			);
			runOnlyForDeploymentPostprocessing = 0;
		};
/* End PBXFrameworksBuildPhase section */

/* Begin PBXGroup section */
		4A506FA72394EC790010EE7B /* Animation3 */ = {
			isa = PBXGroup;
			children = (
				4A506FA82394F4FB0010EE7B /* Animation3.swift */,
			);
			path = Animation3;
			sourceTree = "<group>";
		};
		4A506FAA239527290010EE7B /* Animation4 */ = {
			isa = PBXGroup;
			children = (
				4A506FAB2395273C0010EE7B /* Animation4.swift */,
			);
			path = Animation4;
			sourceTree = "<group>";
		};
		4A5454F923AB5FB400819BE6 /* Animation5 */ = {
			isa = PBXGroup;
			children = (
				4A5454FA23AB5FED00819BE6 /* Animation5.swift */,
			);
			path = Animation5;
			sourceTree = "<group>";
		};
		4A5454FC23AB64D100819BE6 /* Animation6 */ = {
			isa = PBXGroup;
			children = (
				4A5454FD23AB64F100819BE6 /* Animation6.swift */,
			);
			path = Animation6;
			sourceTree = "<group>";
		};
		4A5454FF23AB94D400819BE6 /* Animation7 */ = {
			isa = PBXGroup;
			children = (
				4A54550023AB94F300819BE6 /* Animation7.swift */,
			);
			path = Animation7;
			sourceTree = "<group>";
		};
		4A751D5423B09F7F0059E70A /* Animation9 */ = {
			isa = PBXGroup;
			children = (
				4A751D5523B09FA20059E70A /* Animation9.swift */,
			);
			path = Animation9;
			sourceTree = "<group>";
		};
		4A9A1193239121700057BB70 = {
			isa = PBXGroup;
			children = (
				4A9A119E239121700057BB70 /* OKR-CoreAnimation */,
				4A9A119D239121700057BB70 /* Products */,
			);
			sourceTree = "<group>";
		};
		4A9A119D239121700057BB70 /* Products */ = {
			isa = PBXGroup;
			children = (
				4A9A119C239121700057BB70 /* OKR-CoreAnimation.app */,
			);
			name = Products;
			sourceTree = "<group>";
		};
		4A9A119E239121700057BB70 /* OKR-CoreAnimation */ = {
			isa = PBXGroup;
			children = (
				4A9A119F239121710057BB70 /* AppDelegate.swift */,
				4A9A11A6239121740057BB70 /* Assets.xcassets */,
				4A9A11AB239121740057BB70 /* Info.plist */,
				4A9A11B2239121A10057BB70 /* Storyboards */,
				4A9A11B1239121960057BB70 /* Main */,
				4A9A11B62391239E0057BB70 /* Animation1 */,
				4A9A11B32391227A0057BB70 /* Animation2 */,
				4A506FA72394EC790010EE7B /* Animation3 */,
				4A506FAA239527290010EE7B /* Animation4 */,
				4A5454F923AB5FB400819BE6 /* Animation5 */,
				4A5454FC23AB64D100819BE6 /* Animation6 */,
				4A5454FF23AB94D400819BE6 /* Animation7 */,
				4AF3349623ACA180006F2F3C /* Animation8 */,
				4A751D5423B09F7F0059E70A /* Animation9 */,
			);
			path = "OKR-CoreAnimation";
			sourceTree = "<group>";
		};
		4A9A11B1239121960057BB70 /* Main */ = {
			isa = PBXGroup;
			children = (
				4A9A11A1239121710057BB70 /* ViewController.swift */,
			);
			path = Main;
			sourceTree = "<group>";
		};
		4A9A11B2239121A10057BB70 /* Storyboards */ = {
			isa = PBXGroup;
			children = (
				4A9A11A8239121740057BB70 /* LaunchScreen.storyboard */,
				4A9A11A3239121710057BB70 /* Main.storyboard */,
			);
			path = Storyboards;
			sourceTree = "<group>";
		};
		4A9A11B32391227A0057BB70 /* Animation2 */ = {
			isa = PBXGroup;
			children = (
				4A9A11B4239122EC0057BB70 /* Animation2.swift */,
			);
			path = Animation2;
			sourceTree = "<group>";
		};
		4A9A11B62391239E0057BB70 /* Animation1 */ = {
			isa = PBXGroup;
			children = (
				4A9A11B7239123C30057BB70 /* Animation1.swift */,
				4A721E552397904E00985F4C /* ClockView.swift */,
				4A9A11BB239124480057BB70 /* ClockWithNumbers.swift */,
			);
			path = Animation1;
			sourceTree = "<group>";
		};
		4AF3349623ACA180006F2F3C /* Animation8 */ = {
			isa = PBXGroup;
			children = (
				4AF3349723ACA19B006F2F3C /* Animation8.swift */,
			);
			path = Animation8;
			sourceTree = "<group>";
		};
/* End PBXGroup section */

/* Begin PBXNativeTarget section */
		4A9A119B239121700057BB70 /* OKR-CoreAnimation */ = {
			isa = PBXNativeTarget;
			buildConfigurationList = 4A9A11AE239121740057BB70 /* Build configuration list for PBXNativeTarget "OKR-CoreAnimation" */;
			buildPhases = (
				4A9A1198239121700057BB70 /* Sources */,
				4A9A1199239121700057BB70 /* Frameworks */,
				4A9A119A239121700057BB70 /* Resources */,
			);
			buildRules = (
			);
			dependencies = (
			);
			name = "OKR-CoreAnimation";
			productName = "OKR-CoreAnimation";
			productReference = 4A9A119C239121700057BB70 /* OKR-CoreAnimation.app */;
			productType = "com.apple.product-type.application";
		};
/* End PBXNativeTarget section */

/* Begin PBXProject section */
		4A9A1194239121700057BB70 /* Project object */ = {
			isa = PBXProject;
			attributes = {
				LastSwiftUpdateCheck = 1020;
				LastUpgradeCheck = 1020;
				ORGANIZATIONNAME = "Mahnoor Khan";
				TargetAttributes = {
					4A9A119B239121700057BB70 = {
						CreatedOnToolsVersion = 10.2;
					};
				};
			};
			buildConfigurationList = 4A9A1197239121700057BB70 /* Build configuration list for PBXProject "OKR-CoreAnimation" */;
			compatibilityVersion = "Xcode 9.3";
			developmentRegion = en;
			hasScannedForEncodings = 0;
			knownRegions = (
				en,
				Base,
			);
			mainGroup = 4A9A1193239121700057BB70;
			productRefGroup = 4A9A119D239121700057BB70 /* Products */;
			projectDirPath = "";
			projectRoot = "";
			targets = (
				4A9A119B239121700057BB70 /* OKR-CoreAnimation */,
			);
		};
/* End PBXProject section */

/* Begin PBXResourcesBuildPhase section */
		4A9A119A239121700057BB70 /* Resources */ = {
			isa = PBXResourcesBuildPhase;
			buildActionMask = 2147483647;
			files = (
				4A9A11AA239121740057BB70 /* LaunchScreen.storyboard in Resources */,
				4A9A11A7239121740057BB70 /* Assets.xcassets in Resources */,
				4A9A11A5239121710057BB70 /* Main.storyboard in Resources */,
			);
			runOnlyForDeploymentPostprocessing = 0;
		};
/* End PBXResourcesBuildPhase section */

/* Begin PBXSourcesBuildPhase section */
		4A9A1198239121700057BB70 /* Sources */ = {
			isa = PBXSourcesBuildPhase;
			buildActionMask = 2147483647;
			files = (
				4A54550123AB94F300819BE6 /* Animation7.swift in Sources */,
				4A9A11B8239123C30057BB70 /* Animation1.swift in Sources */,
				4A721E562397904E00985F4C /* ClockView.swift in Sources */,
				4AF3349823ACA19B006F2F3C /* Animation8.swift in Sources */,
				4A9A11B5239122EC0057BB70 /* Animation2.swift in Sources */,
				4A5454FB23AB5FED00819BE6 /* Animation5.swift in Sources */,
				4A751D5623B09FA20059E70A /* Animation9.swift in Sources */,
				4A9A11BC239124480057BB70 /* ClockWithNumbers.swift in Sources */,
				4A506FA92394F4FB0010EE7B /* Animation3.swift in Sources */,
				4A9A11A2239121710057BB70 /* ViewController.swift in Sources */,
				4A5454FE23AB64F100819BE6 /* Animation6.swift in Sources */,
				4A9A11A0239121710057BB70 /* AppDelegate.swift in Sources */,
				4A506FAC2395273C0010EE7B /* Animation4.swift in Sources */,
			);
			runOnlyForDeploymentPostprocessing = 0;
		};
/* End PBXSourcesBuildPhase section */

/* Begin PBXVariantGroup section */
		4A9A11A3239121710057BB70 /* Main.storyboard */ = {
			isa = PBXVariantGroup;
			children = (
				4A9A11A4239121710057BB70 /* Base */,
			);
			name = Main.storyboard;
			sourceTree = "<group>";
		};
		4A9A11A8239121740057BB70 /* LaunchScreen.storyboard */ = {
			isa = PBXVariantGroup;
			children = (
				4A9A11A9239121740057BB70 /* Base */,
			);
			name = LaunchScreen.storyboard;
			sourceTree = "<group>";
		};
/* End PBXVariantGroup section */

/* Begin XCBuildConfiguration section */
		4A9A11AC239121740057BB70 /* Debug */ = {
			isa = XCBuildConfiguration;
			buildSettings = {
				ALWAYS_SEARCH_USER_PATHS = NO;
				CLANG_ANALYZER_NONNULL = YES;
				CLANG_ANALYZER_NUMBER_OBJECT_CONVERSION = YES_AGGRESSIVE;
				CLANG_CXX_LANGUAGE_STANDARD = "gnu++14";
				CLANG_CXX_LIBRARY = "libc++";
				CLANG_ENABLE_MODULES = YES;
				CLANG_ENABLE_OBJC_ARC = YES;
				CLANG_ENABLE_OBJC_WEAK = YES;
				CLANG_WARN_BLOCK_CAPTURE_AUTORELEASING = YES;
				CLANG_WARN_BOOL_CONVERSION = YES;
				CLANG_WARN_COMMA = YES;
				CLANG_WARN_CONSTANT_CONVERSION = YES;
				CLANG_WARN_DEPRECATED_OBJC_IMPLEMENTATIONS = YES;
				CLANG_WARN_DIRECT_OBJC_ISA_USAGE = YES_ERROR;
				CLANG_WARN_DOCUMENTATION_COMMENTS = YES;
				CLANG_WARN_EMPTY_BODY = YES;
				CLANG_WARN_ENUM_CONVERSION = YES;
				CLANG_WARN_INFINITE_RECURSION = YES;
				CLANG_WARN_INT_CONVERSION = YES;
				CLANG_WARN_NON_LITERAL_NULL_CONVERSION = YES;
				CLANG_WARN_OBJC_IMPLICIT_RETAIN_SELF = YES;
				CLANG_WARN_OBJC_LITERAL_CONVERSION = YES;
				CLANG_WARN_OBJC_ROOT_CLASS = YES_ERROR;
				CLANG_WARN_RANGE_LOOP_ANALYSIS = YES;
				CLANG_WARN_STRICT_PROTOTYPES = YES;
				CLANG_WARN_SUSPICIOUS_MOVE = YES;
				CLANG_WARN_UNGUARDED_AVAILABILITY = YES_AGGRESSIVE;
				CLANG_WARN_UNREACHABLE_CODE = YES;
				CLANG_WARN__DUPLICATE_METHOD_MATCH = YES;
				CODE_SIGN_IDENTITY = "iPhone Developer";
				COPY_PHASE_STRIP = NO;
				DEBUG_INFORMATION_FORMAT = dwarf;
				ENABLE_STRICT_OBJC_MSGSEND = YES;
				ENABLE_TESTABILITY = YES;
				GCC_C_LANGUAGE_STANDARD = gnu11;
				GCC_DYNAMIC_NO_PIC = NO;
				GCC_NO_COMMON_BLOCKS = YES;
				GCC_OPTIMIZATION_LEVEL = 0;
				GCC_PREPROCESSOR_DEFINITIONS = (
					"DEBUG=1",
					"$(inherited)",
				);
				GCC_WARN_64_TO_32_BIT_CONVERSION = YES;
				GCC_WARN_ABOUT_RETURN_TYPE = YES_ERROR;
				GCC_WARN_UNDECLARED_SELECTOR = YES;
				GCC_WARN_UNINITIALIZED_AUTOS = YES_AGGRESSIVE;
				GCC_WARN_UNUSED_FUNCTION = YES;
				GCC_WARN_UNUSED_VARIABLE = YES;
				IPHONEOS_DEPLOYMENT_TARGET = 12.2;
				MTL_ENABLE_DEBUG_INFO = INCLUDE_SOURCE;
				MTL_FAST_MATH = YES;
				ONLY_ACTIVE_ARCH = YES;
				SDKROOT = iphoneos;
				SWIFT_ACTIVE_COMPILATION_CONDITIONS = DEBUG;
				SWIFT_OPTIMIZATION_LEVEL = "-Onone";
			};
			name = Debug;
		};
		4A9A11AD239121740057BB70 /* Release */ = {
			isa = XCBuildConfiguration;
			buildSettings = {
				ALWAYS_SEARCH_USER_PATHS = NO;
				CLANG_ANALYZER_NONNULL = YES;
				CLANG_ANALYZER_NUMBER_OBJECT_CONVERSION = YES_AGGRESSIVE;
				CLANG_CXX_LANGUAGE_STANDARD = "gnu++14";
				CLANG_CXX_LIBRARY = "libc++";
				CLANG_ENABLE_MODULES = YES;
				CLANG_ENABLE_OBJC_ARC = YES;
				CLANG_ENABLE_OBJC_WEAK = YES;
				CLANG_WARN_BLOCK_CAPTURE_AUTORELEASING = YES;
				CLANG_WARN_BOOL_CONVERSION = YES;
				CLANG_WARN_COMMA = YES;
				CLANG_WARN_CONSTANT_CONVERSION = YES;
				CLANG_WARN_DEPRECATED_OBJC_IMPLEMENTATIONS = YES;
				CLANG_WARN_DIRECT_OBJC_ISA_USAGE = YES_ERROR;
				CLANG_WARN_DOCUMENTATION_COMMENTS = YES;
				CLANG_WARN_EMPTY_BODY = YES;
				CLANG_WARN_ENUM_CONVERSION = YES;
				CLANG_WARN_INFINITE_RECURSION = YES;
				CLANG_WARN_INT_CONVERSION = YES;
				CLANG_WARN_NON_LITERAL_NULL_CONVERSION = YES;
				CLANG_WARN_OBJC_IMPLICIT_RETAIN_SELF = YES;
				CLANG_WARN_OBJC_LITERAL_CONVERSION = YES;
				CLANG_WARN_OBJC_ROOT_CLASS = YES_ERROR;
				CLANG_WARN_RANGE_LOOP_ANALYSIS = YES;
				CLANG_WARN_STRICT_PROTOTYPES = YES;
				CLANG_WARN_SUSPICIOUS_MOVE = YES;
				CLANG_WARN_UNGUARDED_AVAILABILITY = YES_AGGRESSIVE;
				CLANG_WARN_UNREACHABLE_CODE = YES;
				CLANG_WARN__DUPLICATE_METHOD_MATCH = YES;
				CODE_SIGN_IDENTITY = "iPhone Developer";
				COPY_PHASE_STRIP = NO;
				DEBUG_INFORMATION_FORMAT = "dwarf-with-dsym";
				ENABLE_NS_ASSERTIONS = NO;
				ENABLE_STRICT_OBJC_MSGSEND = YES;
				GCC_C_LANGUAGE_STANDARD = gnu11;
				GCC_NO_COMMON_BLOCKS = YES;
				GCC_WARN_64_TO_32_BIT_CONVERSION = YES;
				GCC_WARN_ABOUT_RETURN_TYPE = YES_ERROR;
				GCC_WARN_UNDECLARED_SELECTOR = YES;
				GCC_WARN_UNINITIALIZED_AUTOS = YES_AGGRESSIVE;
				GCC_WARN_UNUSED_FUNCTION = YES;
				GCC_WARN_UNUSED_VARIABLE = YES;
				IPHONEOS_DEPLOYMENT_TARGET = 12.2;
				MTL_ENABLE_DEBUG_INFO = NO;
				MTL_FAST_MATH = YES;
				SDKROOT = iphoneos;
				SWIFT_COMPILATION_MODE = wholemodule;
				SWIFT_OPTIMIZATION_LEVEL = "-O";
				VALIDATE_PRODUCT = YES;
			};
			name = Release;
		};
		4A9A11AF239121740057BB70 /* Debug */ = {
			isa = XCBuildConfiguration;
			buildSettings = {
				ASSETCATALOG_COMPILER_APPICON_NAME = AppIcon;
				CODE_SIGN_STYLE = Automatic;
				DEVELOPMENT_TEAM = P6FSMC3RK7;
				INFOPLIST_FILE = "OKR-CoreAnimation/Info.plist";
				LD_RUNPATH_SEARCH_PATHS = (
					"$(inherited)",
					"@executable_path/Frameworks",
				);
				PRODUCT_BUNDLE_IDENTIFIER = "com.mahnoorkhan.OKR-CoreAnimation";
				PRODUCT_NAME = "$(TARGET_NAME)";
				SWIFT_VERSION = 5.0;
				TARGETED_DEVICE_FAMILY = "1,2";
			};
			name = Debug;
		};
		4A9A11B0239121740057BB70 /* Release */ = {
			isa = XCBuildConfiguration;
			buildSettings = {
				ASSETCATALOG_COMPILER_APPICON_NAME = AppIcon;
				CODE_SIGN_STYLE = Automatic;
				DEVELOPMENT_TEAM = P6FSMC3RK7;
				INFOPLIST_FILE = "OKR-CoreAnimation/Info.plist";
				LD_RUNPATH_SEARCH_PATHS = (
					"$(inherited)",
					"@executable_path/Frameworks",
				);
				PRODUCT_BUNDLE_IDENTIFIER = "com.mahnoorkhan.OKR-CoreAnimation";
				PRODUCT_NAME = "$(TARGET_NAME)";
				SWIFT_VERSION = 5.0;
				TARGETED_DEVICE_FAMILY = "1,2";
			};
			name = Release;
		};
/* End XCBuildConfiguration section */

/* Begin XCConfigurationList section */
		4A9A1197239121700057BB70 /* Build configuration list for PBXProject "OKR-CoreAnimation" */ = {
			isa = XCConfigurationList;
			buildConfigurations = (
				4A9A11AC239121740057BB70 /* Debug */,
				4A9A11AD239121740057BB70 /* Release */,
			);
			defaultConfigurationIsVisible = 0;
			defaultConfigurationName = Release;
		};
		4A9A11AE239121740057BB70 /* Build configuration list for PBXNativeTarget "OKR-CoreAnimation" */ = {
			isa = XCConfigurationList;
			buildConfigurations = (
				4A9A11AF239121740057BB70 /* Debug */,
				4A9A11B0239121740057BB70 /* Release */,
			);
			defaultConfigurationIsVisible = 0;
			defaultConfigurationName = Release;
		};
/* End XCConfigurationList section */
	};
	rootObject = 4A9A1194239121700057BB70 /* Project object */;
}
